
Microsoft Visual Studio Solution File, Format Version 12.00
# Visual Studio 14
VisualStudioVersion = 14.0.25420.1
MinimumVisualStudioVersion = 10.0.40219.1
Project("{FAE04EC0-301F-11D3-BF4B-00C04F79EFBC}") = "KSUCorner", "KSUCorner\KSUCorner.csproj", "{E417E06E-AA7E-4DC7-8E3E-98A87C092ED7}"
EndProject
Global
	GlobalSection(SolutionConfigurationPlatforms) = preSolution
		Debug|Any CPU = Debug|Any CPU
		Release|Any CPU = Release|Any CPU
	EndGlobalSection
	GlobalSection(ProjectConfigurationPlatforms) = postSolution
		{E417E06E-AA7E-4DC7-8E3E-98A87C092ED7}.Debug|Any CPU.ActiveCfg = Debug|Any CPU
		{E417E06E-AA7E-4DC7-8E3E-98A87C092ED7}.Debug|Any CPU.Build.0 = Debug|Any CPU
		{E417E06E-AA7E-4DC7-8E3E-98A87C092ED7}.Release|Any CPU.ActiveCfg = Release|Any CPU
		{E417E06E-AA7E-4DC7-8E3E-98A87C092ED7}.Release|Any CPU.Build.0 = Release|Any CPU
	EndGlobalSection
	GlobalSection(SolutionProperties) = preSolution
		HideSolutionNode = FALSE
	EndGlobalSection
EndGlobal
